
Microsoft Visual Studio Solution File, Format Version 12.00
# Visual Studio 15
Project("{FAE04EC0-301F-11D3-BF4B-00C04F79EFBC}") = "FirstCSharpProject", "FirstCSharpProject\FirstCSharpProject.csproj", "{1307D105-A8E9-44AB-B7C7-EC1A92823ADB}"
EndProject
Project("{FAE04EC0-301F-11D3-BF4B-00C04F79EFBC}") = "Playground", "Playground\Playground.csproj", "{91F21F07-4383-4CFC-91A4-746135213D7F}"
EndProject
Project("{FAE04EC0-301F-11D3-BF4B-00C04F79EFBC}") = "GinRummy", "GinRummy\GinRummy.csproj", "{CE43623D-6360-4A28-92C1-EC617C6C731B}"
EndProject
Project("{FAE04EC0-301F-11D3-BF4B-00C04F79EFBC}") = "GinRummyTests", "GinRummyTests\GinRummyTests.csproj", "{D1771388-877E-4470-B8EF-80DFA9F529DD}"
EndProject
Global
	GlobalSection(SolutionConfigurationPlatforms) = preSolution
		Debug|x86 = Debug|x86
		Release|x86 = Release|x86
	EndGlobalSection
	GlobalSection(ProjectConfigurationPlatforms) = postSolution
		{1307D105-A8E9-44AB-B7C7-EC1A92823ADB}.Debug|x86.ActiveCfg = Debug|x86
		{1307D105-A8E9-44AB-B7C7-EC1A92823ADB}.Debug|x86.Build.0 = Debug|x86
		{1307D105-A8E9-44AB-B7C7-EC1A92823ADB}.Release|x86.ActiveCfg = Release|x86
		{1307D105-A8E9-44AB-B7C7-EC1A92823ADB}.Release|x86.Build.0 = Release|x86
		{91F21F07-4383-4CFC-91A4-746135213D7F}.Debug|x86.ActiveCfg = Debug|x86
		{91F21F07-4383-4CFC-91A4-746135213D7F}.Debug|x86.Build.0 = Debug|x86
		{91F21F07-4383-4CFC-91A4-746135213D7F}.Release|x86.ActiveCfg = Release|x86
		{91F21F07-4383-4CFC-91A4-746135213D7F}.Release|x86.Build.0 = Release|x86
		{CE43623D-6360-4A28-92C1-EC617C6C731B}.Debug|x86.ActiveCfg = Debug|x86
		{CE43623D-6360-4A28-92C1-EC617C6C731B}.Debug|x86.Build.0 = Debug|x86
		{CE43623D-6360-4A28-92C1-EC617C6C731B}.Release|x86.ActiveCfg = Release|x86
		{CE43623D-6360-4A28-92C1-EC617C6C731B}.Release|x86.Build.0 = Release|x86
		{D1771388-877E-4470-B8EF-80DFA9F529DD}.Debug|x86.ActiveCfg = Debug|Any CPU
		{D1771388-877E-4470-B8EF-80DFA9F529DD}.Debug|x86.Build.0 = Debug|Any CPU
		{D1771388-877E-4470-B8EF-80DFA9F529DD}.Release|x86.ActiveCfg = Release|Any CPU
		{D1771388-877E-4470-B8EF-80DFA9F529DD}.Release|x86.Build.0 = Release|Any CPU
	EndGlobalSection
EndGlobal
